
Microsoft Visual Studio Solution File, Format Version 12.00
# Visual Studio 15
VisualStudioVersion = 15.0.28307.902
MinimumVisualStudioVersion = 10.0.40219.1
Project("{FAE04EC0-301F-11D3-BF4B-00C04F79EFBC}") = "ExampleSystem", "ExampleSystem\ExampleSystem.csproj", "{DA3851AE-BB03-479F-9067-672645452E31}"
EndProject
Global
	GlobalSection(SolutionConfigurationPlatforms) = preSolution
		Debug|Any CPU = Debug|Any CPU
		Release|Any CPU = Release|Any CPU
	EndGlobalSection
	GlobalSection(ProjectConfigurationPlatforms) = postSolution
		{DA3851AE-BB03-479F-9067-672645452E31}.Debug|Any CPU.ActiveCfg = Debug|Any CPU
		{DA3851AE-BB03-479F-9067-672645452E31}.Debug|Any CPU.Build.0 = Debug|Any CPU
		{DA3851AE-BB03-479F-9067-672645452E31}.Release|Any CPU.ActiveCfg = Release|Any CPU
		{DA3851AE-BB03-479F-9067-672645452E31}.Release|Any CPU.Build.0 = Release|Any CPU
	EndGlobalSection
	GlobalSection(SolutionProperties) = preSolution
		HideSolutionNode = FALSE
	EndGlobalSection
	GlobalSection(ExtensibilityGlobals) = postSolution
		SolutionGuid = {7DCD53A4-664E-421F-A379-AA8C1E900813}
	EndGlobalSection
EndGlobal
